packages:
  - name: dbt_utils
    package: dbt-labs/dbt_utils
    version: 1.3.2
  - name: dbt_expectations
    package: metaplane/dbt_expectations
    version: 0.10.9
  - name: dbt_product_analytics
    package: mjirv/dbt_product_analytics
    version: 0.3.1
  - name: dbt_date
    package: godatadriven/dbt_date
    version: 0.16.1
sha1_hash: f4e2aa0095d7c1991c95048e1b05ba25e7f41a40
